<?xml version="1.0" encoding="utf-8"?>
<Project ToolsVersion="4.0" xmlns="http://schemas.microsoft.com/developer/msbuild/2003">
  <ItemGroup>
    <Filter Include="源文件">
      <UniqueIdentifier>{4FC737F1-C7A5-4376-A066-2A32D752A2FF}</UniqueIdentifier>
      <Extensions>cpp;c;cc;cxx;c++;cppm;ixx;def;odl;idl;hpj;bat;asm;asmx</Extensions>
    </Filter>
    <Filter Include="头文件">
      <UniqueIdentifier>{93995380-89BD-4b04-88EB-625FBE52EBFB}</UniqueIdentifier>
      <Extensions>h;hh;hpp;hxx;h++;hm;inl;inc;ipp;xsd</Extensions>
    </Filter>
    <Filter Include="资源文件">
      <UniqueIdentifier>{67DA6AB6-F800-4c08-8B7A-83BB121AAD01}</UniqueIdentifier>
      <Extensions>rc;ico;cur;bmp;dlg;rc2;rct;bin;rgs;gif;jpg;jpeg;jpe;resx;tiff;tif;png;wav;mfcribbon-ms</Extensions>
    </Filter>
  </ItemGroup>
  <ItemGroup>
    <Text Include="lib\readme.txt" />
  </ItemGroup>
  <ItemGroup>
    <None Include="platform\_copysrc.sh" />
    <None Include="platform\_foreach.sh" />
    <None Include="platform\_make_dir_list.sh" />
    <None Include="platform\_makecpp.sh" />
    <None Include="platform\config.mk" />
    <None Include="platform\debug.mk" />
    <None Include="platform\fast.mk" />
    <None Include="platform\linux.mk" />
    <None Include="platform\makefile.mk" />
    <None Include="src\makeall.sh" />
    <None Include="src\env\makefile.mk" />
    <None Include="src\env\rebuild.sh" />
    <None Include="src\env\run.sh" />
    <None Include="src\httpd\wwwroot\css\css.css" />
    <None Include="src\httpd\wwwroot\login\login.htm" />
    <None Include="src\httpd\wwwroot\index.html" />
    <None Include="src\httpd\makefile.mk" />
    <None Include="src\httpd\rebuild.sh" />
    <None Include="src\httpd\run.sh" />
    <None Include="make.sh" />
    <None Include="src\httpd\wwwroot\page\developing.htm" />
    <None Include="src\httpd\wwwroot\page\function_menu.htm" />
    <None Include="src\CodeTemplate\makefile.mk" />
    <None Include="src\CodeTemplate\rebuild.sh" />
    <None Include="src\CodeTemplate\run.sh" />
    <None Include="src\CodeTemplate\simplesample.ct" />
    <None Include="src\othertest\makefile.mk" />
    <None Include="src\othertest\rebuild.sh" />
    <None Include="src\othertest\run.sh" />
    <None Include="src\ctScript\makefile.mk" />
    <None Include="src\ctScript\rebuild.sh" />
    <None Include="src\ctScript\run.sh" />
    <None Include="src\CCTModel_UniversalDB\_t_UniversalDB.h.ct" />
    <None Include="src\CCTModel_UniversalDB\_t_UniversalDB_sequence.h.ct" />
    <None Include="src\CCTModel_UniversalDB\_t_UniversalDB_table.h.ct" />
    <None Include="src\CCTModel_UniversalDB\makefile.mk" />
    <None Include="src\CCTModel_UniversalDB\rebuild.sh" />
    <None Include="src\CCTModel_UniversalDB\run.sh" />
    <None Include="src\shmfc\makefile.mk" />
    <None Include="src\shmfc\rebuild.sh" />
    <None Include="src\shmfc\run.sh" />
    <None Include="src\apps\makefile.mk" />
    <None Include="src\apps\rebuild.sh" />
    <None Include="src\apps\run.sh" />
  </ItemGroup>
  <ItemGroup>
    <ClInclude Include="src\env\CommandSet.h">
      <Filter>头文件</Filter>
    </ClInclude>
    <ClInclude Include="src\env\env.h">
      <Filter>头文件</Filter>
    </ClInclude>
    <ClInclude Include="src\env\myLog.h">
      <Filter>头文件</Filter>
    </ClInclude>
    <ClInclude Include="src\env\myUtil.h">
      <Filter>头文件</Filter>
    </ClInclude>
    <ClInclude Include="src\function\Archive.h">
      <Filter>头文件</Filter>
    </ClInclude>
    <ClInclude Include="src\function\BitSet.h">
      <Filter>头文件</Filter>
    </ClInclude>
    <ClInclude Include="src\function\Buffer.h">
      <Filter>头文件</Filter>
    </ClInclude>
    <ClInclude Include="src\function\CharSetConv.h">
      <Filter>头文件</Filter>
    </ClInclude>
    <ClInclude Include="src\function\ColumnData.h">
      <Filter>头文件</Filter>
    </ClInclude>
    <ClInclude Include="src\function\config.h">
      <Filter>头文件</Filter>
    </ClInclude>
    <ClInclude Include="src\function\CSV.h">
      <Filter>头文件</Filter>
    </ClInclude>
    <ClInclude Include="src\function\FastFileIndex.h">
      <Filter>头文件</Filter>
    </ClInclude>
    <ClInclude Include="src\function\function.h">
      <Filter>头文件</Filter>
    </ClInclude>
    <ClInclude Include="src\function\htmldoc.h">
      <Filter>头文件</Filter>
    </ClInclude>
    <ClInclude Include="src\function\IDataSource.h">
      <Filter>头文件</Filter>
    </ClInclude>
    <ClInclude Include="src\function\JSTemplate.h">
      <Filter>头文件</Filter>
    </ClInclude>
    <ClInclude Include="src\function\meta.h">
      <Filter>头文件</Filter>
    </ClInclude>
    <ClInclude Include="src\function\mimetype.h">
      <Filter>头文件</Filter>
    </ClInclude>
    <ClInclude Include="src\function\mydir.h">
      <Filter>头文件</Filter>
    </ClInclude>
    <ClInclude Include="src\function\myexception.h">
      <Filter>头文件</Filter>
    </ClInclude>
    <ClInclude Include="src\function\mymutex.h">
      <Filter>头文件</Filter>
    </ClInclude>
    <ClInclude Include="src\function\mymutex1.h">
      <Filter>头文件</Filter>
    </ClInclude>
    <ClInclude Include="src\function\mymutex2.h">
      <Filter>头文件</Filter>
    </ClInclude>
    <ClInclude Include="src\function\mymutex3.h">
      <Filter>头文件</Filter>
    </ClInclude>
    <ClInclude Include="src\function\myNestedTable.h">
      <Filter>头文件</Filter>
    </ClInclude>
    <ClInclude Include="src\function\myprocess.h">
      <Filter>头文件</Filter>
    </ClInclude>
    <ClInclude Include="src\function\myProcPseudo.h">
      <Filter>头文件</Filter>
    </ClInclude>
    <ClInclude Include="src\function\myshm.h">
      <Filter>头文件</Filter>
    </ClInclude>
    <ClInclude Include="src\function\mysocket.h">
      <Filter>头文件</Filter>
    </ClInclude>
    <ClInclude Include="src\function\myZIP.h">
      <Filter>头文件</Filter>
    </ClInclude>
    <ClInclude Include="src\function\sstring.h">
      <Filter>头文件</Filter>
    </ClInclude>
    <ClInclude Include="src\function\std_error_code.h">
      <Filter>头文件</Filter>
    </ClInclude>
    <ClInclude Include="src\httpd\mycgi.h">
      <Filter>头文件</Filter>
    </ClInclude>
    <ClInclude Include="src\httpd\myhttpbase.h">
      <Filter>头文件</Filter>
    </ClInclude>
    <ClInclude Include="src\httpd\myhttpclient.h">
      <Filter>头文件</Filter>
    </ClInclude>
    <ClInclude Include="src\httpd\myhttpd.h">
      <Filter>头文件</Filter>
    </ClInclude>
    <ClInclude Include="src\httpd\myhttpserver.h">
      <Filter>头文件</Filter>
    </ClInclude>
    <ClInclude Include="src\httpd\myhttpserver_admin_page.h">
      <Filter>头文件</Filter>
    </ClInclude>
    <ClInclude Include="src\httpd\myhttpserver_struct.h">
      <Filter>头文件</Filter>
    </ClInclude>
    <ClInclude Include="src\httpd\myhttpshell.h">
      <Filter>头文件</Filter>
    </ClInclude>
    <ClInclude Include="src\httpd\mysocketserver.h">
      <Filter>头文件</Filter>
    </ClInclude>
    <ClInclude Include="src\httpd\myThread.h">
      <Filter>头文件</Filter>
    </ClInclude>
    <ClInclude Include="src\httpd\myUserManager.h">
      <Filter>头文件</Filter>
    </ClInclude>
    <ClInclude Include="src\CodeTemplate\CodeTemplate.h">
      <Filter>头文件</Filter>
    </ClInclude>
    <ClInclude Include="src\othertest\othertest.h">
      <Filter>头文件</Filter>
    </ClInclude>
    <ClInclude Include="src\ctScript\CTScript2.h">
      <Filter>头文件</Filter>
    </ClInclude>
    <ClInclude Include="src\ctScript\CTScriptFun2.h">
      <Filter>头文件</Filter>
    </ClInclude>
    <ClInclude Include="src\ctScript\ctScripttest.h">
      <Filter>头文件</Filter>
    </ClInclude>
    <ClInclude Include="src\ctScript\ctScriptTestCase2.h">
      <Filter>头文件</Filter>
    </ClInclude>
    <ClInclude Include="src\ctScript\ICTScript2.h">
      <Filter>头文件</Filter>
    </ClInclude>
    <ClInclude Include="src\env\stdafx.h">
      <Filter>头文件</Filter>
    </ClInclude>
    <ClInclude Include="src\function\cJSON_util.h">
      <Filter>头文件</Filter>
    </ClInclude>
    <ClInclude Include="src\function\LockedList.h">
      <Filter>头文件</Filter>
    </ClInclude>
    <ClInclude Include="src\function\myGmSSL.h">
      <Filter>头文件</Filter>
    </ClInclude>
    <ClInclude Include="src\function\myGmSSL_aes.h">
      <Filter>头文件</Filter>
    </ClInclude>
    <ClInclude Include="src\function\myGmSSL_sm3.h">
      <Filter>头文件</Filter>
    </ClInclude>
    <ClInclude Include="src\function\myGmSSL_sm4.h">
      <Filter>头文件</Filter>
    </ClInclude>
    <ClInclude Include="src\function\myGmSSL_tls.h">
      <Filter>头文件</Filter>
    </ClInclude>
    <ClInclude Include="src\function\myOpenSSL.h">
      <Filter>头文件</Filter>
    </ClInclude>
    <ClInclude Include="src\function\uuid.h">
      <Filter>头文件</Filter>
    </ClInclude>
    <ClInclude Include="src\function\WorkThread.h">
      <Filter>头文件</Filter>
    </ClInclude>
    <ClInclude Include="src\CCTModel_UniversalDB\CCTModel_UniversalDB.h">
      <Filter>头文件</Filter>
    </ClInclude>
    <ClInclude Include="src\shmfc\IActiveObject_Outside.h">
      <Filter>头文件</Filter>
    </ClInclude>
    <ClInclude Include="src\shmfc\myMultiProcess.h">
      <Filter>头文件</Filter>
    </ClInclude>
    <ClInclude Include="src\shmfc\myMultiProcessServer.h">
      <Filter>头文件</Filter>
    </ClInclude>
    <ClInclude Include="src\shmfc\myMultiProcessServerGroup.h">
      <Filter>头文件</Filter>
    </ClInclude>
    <ClInclude Include="src\shmfc\semmgr.h">
      <Filter>头文件</Filter>
    </ClInclude>
    <ClInclude Include="src\shmfc\shmArray.h">
      <Filter>头文件</Filter>
    </ClInclude>
    <ClInclude Include="src\shmfc\shmBinaryPool.h">
      <Filter>头文件</Filter>
    </ClInclude>
    <ClInclude Include="src\shmfc\shmEnv.h">
      <Filter>头文件</Filter>
    </ClInclude>
    <ClInclude Include="src\shmfc\shmenvmgr.h">
      <Filter>头文件</Filter>
    </ClInclude>
    <ClInclude Include="src\shmfc\shmfctest.h">
      <Filter>头文件</Filter>
    </ClInclude>
    <ClInclude Include="src\shmfc\shmfctest2.h">
      <Filter>头文件</Filter>
    </ClInclude>
    <ClInclude Include="src\shmfc\shmHash.h">
      <Filter>头文件</Filter>
    </ClInclude>
    <ClInclude Include="src\shmfc\shmIActiveObject.h">
      <Filter>头文件</Filter>
    </ClInclude>
    <ClInclude Include="src\shmfc\shmListSet.h">
      <Filter>头文件</Filter>
    </ClInclude>
    <ClInclude Include="src\shmfc\shmListSetGroup.h">
      <Filter>头文件</Filter>
    </ClInclude>
    <ClInclude Include="src\shmfc\shmLRU.h">
      <Filter>头文件</Filter>
    </ClInclude>
    <ClInclude Include="src\shmfc\shmMap_NoMutex.h">
      <Filter>头文件</Filter>
    </ClInclude>
    <ClInclude Include="src\shmfc\shmMultiList.h">
      <Filter>头文件</Filter>
    </ClInclude>
    <ClInclude Include="src\shmfc\shmMultiListTree.h">
      <Filter>头文件</Filter>
    </ClInclude>
    <ClInclude Include="src\shmfc\shmSet.h">
      <Filter>头文件</Filter>
    </ClInclude>
    <ClInclude Include="src\shmfc\shmSet_Array.h">
      <Filter>头文件</Filter>
    </ClInclude>
    <ClInclude Include="src\shmfc\shmSet_Mutex.h">
      <Filter>头文件</Filter>
    </ClInclude>
    <ClInclude Include="src\shmfc\shmSet_NoMutex.h">
      <Filter>头文件</Filter>
    </ClInclude>
    <ClInclude Include="src\shmfc\shmstd.h">
      <Filter>头文件</Filter>
    </ClInclude>
    <ClInclude Include="src\shmfc\shmStringPool.h">
      <Filter>头文件</Filter>
    </ClInclude>
    <ClInclude Include="src\shmfc\shmStringPool2.h">
      <Filter>头文件</Filter>
    </ClInclude>
    <ClInclude Include="src\shmfc\shmtools.h">
      <Filter>头文件</Filter>
    </ClInclude>
    <ClInclude Include="src\shmfc\shmUniversalData.h">
      <Filter>头文件</Filter>
    </ClInclude>
    <ClInclude Include="src\apps\apps.h">
      <Filter>头文件</Filter>
    </ClInclude>
    <ClInclude Include="src\apps\e_os.h">
      <Filter>头文件</Filter>
    </ClInclude>
    <ClInclude Include="src\apps\progs.h">
      <Filter>头文件</Filter>
    </ClInclude>
    <ClInclude Include="src\apps\s_apps.h">
      <Filter>头文件</Filter>
    </ClInclude>
    <ClInclude Include="src\apps\timeouts.h">
      <Filter>头文件</Filter>
    </ClInclude>
    <ClInclude Include="src\apps\s_server_t.h">
      <Filter>头文件</Filter>
    </ClInclude>
    <ClInclude Include="src\httpd\mySSLTLS.h">
      <Filter>头文件</Filter>
    </ClInclude>
  </ItemGroup>
  <ItemGroup>
    <ClCompile Include="src\env\env_t.cpp">
      <Filter>源文件</Filter>
    </ClCompile>
    <ClCompile Include="src\env\myLog.cpp">
      <Filter>源文件</Filter>
    </ClCompile>
    <ClCompile Include="src\env\myUtil.cpp">
      <Filter>源文件</Filter>
    </ClCompile>
    <ClCompile Include="src\httpd\myhttpd.cpp">
      <Filter>源文件</Filter>
    </ClCompile>
    <ClCompile Include="src\httpd\myhttpd_t.cpp">
      <Filter>源文件</Filter>
    </ClCompile>
    <ClCompile Include="src\httpd\myhttpserver_admin_page.cpp">
      <Filter>源文件</Filter>
    </ClCompile>
    <ClCompile Include="src\httpd\myThread.cpp">
      <Filter>源文件</Filter>
    </ClCompile>
    <ClCompile Include="src\CodeTemplate\CodeTemplate_t.cpp">
      <Filter>源文件</Filter>
    </ClCompile>
    <ClCompile Include="src\othertest\othertest_t.cpp">
      <Filter>源文件</Filter>
    </ClCompile>
    <ClCompile Include="src\ctScript\ctScripttest_t.cpp">
      <Filter>源文件</Filter>
    </ClCompile>
    <ClCompile Include="src\env\env_test.cpp">
      <Filter>源文件</Filter>
    </ClCompile>
    <ClCompile Include="src\CCTModel_UniversalDB\CCTModel_UniversalDB_t.cpp">
      <Filter>源文件</Filter>
    </ClCompile>
    <ClCompile Include="src\shmfc\shmEnv.cpp">
      <Filter>源文件</Filter>
    </ClCompile>
    <ClCompile Include="src\shmfc\shmfc_t.cpp">
      <Filter>源文件</Filter>
    </ClCompile>
    <ClCompile Include="src\httpd\mySSLTLS.cpp">
      <Filter>源文件</Filter>
    </ClCompile>
    <ClCompile Include="src\apps\s_server.c">
      <Filter>源文件</Filter>
    </ClCompile>
    <ClCompile Include="src\apps\app_rand.c">
      <Filter>源文件</Filter>
    </ClCompile>
    <ClCompile Include="src\apps\apps.c">
      <Filter>源文件</Filter>
    </ClCompile>
    <ClCompile Include="src\apps\bf_prefix.c">
      <Filter>源文件</Filter>
    </ClCompile>
    <ClCompile Include="src\apps\ca.c">
      <Filter>源文件</Filter>
    </ClCompile>
    <ClCompile Include="src\apps\ocsp.c">
      <Filter>源文件</Filter>
    </ClCompile>
    <ClCompile Include="src\apps\opt.c">
      <Filter>源文件</Filter>
    </ClCompile>
    <ClCompile Include="src\apps\req.c">
      <Filter>源文件</Filter>
    </ClCompile>
    <ClCompile Include="src\apps\s_cb.c">
      <Filter>源文件</Filter>
    </ClCompile>
    <ClCompile Include="src\apps\s_socket.c">
      <Filter>源文件</Filter>
    </ClCompile>
    <ClCompile Include="src\apps\s_server_t.c">
      <Filter>源文件</Filter>
    </ClCompile>
  </ItemGroup>
  <ItemGroup>
    <Xml Include="src\httpd\wwwroot\page\mb_menu.xml" />
    <Xml Include="src\httpd\wwwroot\page\mb_menu_item.xml" />
  </ItemGroup>
</Project>